// !$*UTF8*$!
{
	archiveVersion = 1;
	classes = {
	};
	objectVersion = 46;
	objects = {

/* Begin PBXBuildFile section */
		58236EEE1CAE8BAE0037AE82 /* MapKit.framework in Frameworks */ = {isa = PBXBuildFile; fileRef = 58236EED1CAE8BAE0037AE82 /* MapKit.framework */; };
		58236EF81CAE9EF60037AE82 /* User.m in Sources */ = {isa = PBXBuildFile; fileRef = 58236EF71CAE9EF60037AE82 /* User.m */; };
		58236F021CAEA1FB0037AE82 /* UIKit.framework in Frameworks */ = {isa = PBXBuildFile; fileRef = 58236F011CAEA1FA0037AE82 /* UIKit.framework */; };
		58236F041CAEA2020037AE82 /* CoreLocation.framework in Frameworks */ = {isa = PBXBuildFile; fileRef = 58236F031CAEA2020037AE82 /* CoreLocation.framework */; };
		58236F061CAEA2090037AE82 /* Foundation.framework in Frameworks */ = {isa = PBXBuildFile; fileRef = 58236F051CAEA2090037AE82 /* Foundation.framework */; };
		58236F081CAEA2140037AE82 /* OpenGLES.framework in Frameworks */ = {isa = PBXBuildFile; fileRef = 58236F071CAEA2140037AE82 /* OpenGLES.framework */; };
		58236F0A1CAEA21B0037AE82 /* QuartzCore.framework in Frameworks */ = {isa = PBXBuildFile; fileRef = 58236F091CAEA21B0037AE82 /* QuartzCore.framework */; };
		58236F0C1CAEA2260037AE82 /* CoreGraphics.framework in Frameworks */ = {isa = PBXBuildFile; fileRef = 58236F0B1CAEA2260037AE82 /* CoreGraphics.framework */; };
		58236F0E1CAEA22D0037AE82 /* CoreMotion.framework in Frameworks */ = {isa = PBXBuildFile; fileRef = 58236F0D1CAEA22D0037AE82 /* CoreMotion.framework */; };
		58236F101CAEA2470037AE82 /* libz.tbd in Frameworks */ = {isa = PBXBuildFile; fileRef = 58236F0F1CAEA2460037AE82 /* libz.tbd */; };
		58236F121CAEA24F0037AE82 /* libc++.tbd in Frameworks */ = {isa = PBXBuildFile; fileRef = 58236F111CAEA24E0037AE82 /* libc++.tbd */; };
		58236F141CAEA5F70037AE82 /* AVFoundation.framework in Frameworks */ = {isa = PBXBuildFile; fileRef = 58236F131CAEA5F70037AE82 /* AVFoundation.framework */; };
		584AEE671CA2979B00F6D8E4 /* FindDriverViewController.m in Sources */ = {isa = PBXBuildFile; fileRef = 584AEE661CA2979B00F6D8E4 /* FindDriverViewController.m */; };
		584AEE6A1CA29B1900F6D8E4 /* TakePhotoViewController.m in Sources */ = {isa = PBXBuildFile; fileRef = 584AEE691CA29B1900F6D8E4 /* TakePhotoViewController.m */; };
		584AEE731CA41B0400F6D8E4 /* CreateAccountViewController.m in Sources */ = {isa = PBXBuildFile; fileRef = 584AEE6C1CA41B0400F6D8E4 /* CreateAccountViewController.m */; };
		584AEE741CA41B0400F6D8E4 /* HomeViewController.m in Sources */ = {isa = PBXBuildFile; fileRef = 584AEE6E1CA41B0400F6D8E4 /* HomeViewController.m */; };
		584AEE751CA41B0400F6D8E4 /* LoginViewController.m in Sources */ = {isa = PBXBuildFile; fileRef = 584AEE701CA41B0400F6D8E4 /* LoginViewController.m */; };
		584AEE8B1CA57AF200F6D8E4 /* AccountViewController.m in Sources */ = {isa = PBXBuildFile; fileRef = 584AEE8A1CA57AF200F6D8E4 /* AccountViewController.m */; };
		588006891CA93C6700662C50 /* LogoutViewController.m in Sources */ = {isa = PBXBuildFile; fileRef = 588006881CA93C6700662C50 /* LogoutViewController.m */; };
		58AF21201CB7CA3F0078975B /* Assets.xcassets in Resources */ = {isa = PBXBuildFile; fileRef = 58AF211F1CB7CA3F0078975B /* Assets.xcassets */; };
		58AF21231CB7CF860078975B /* CustomTabBarViewController.m in Sources */ = {isa = PBXBuildFile; fileRef = 58AF21221CB7CF860078975B /* CustomTabBarViewController.m */; };
		58C9AFA81CB3BA7E00A72E96 /* CarIncidentsViewController.m in Sources */ = {isa = PBXBuildFile; fileRef = 58C9AFA71CB3BA7E00A72E96 /* CarIncidentsViewController.m */; };
		58C9AFAB1CB3E44B00A72E96 /* Photo.m in Sources */ = {isa = PBXBuildFile; fileRef = 58C9AFAA1CB3E44B00A72E96 /* Photo.m */; };
		CEE4F8BF1CB503960074C539 /* SKMaps.bundle in Resources */ = {isa = PBXBuildFile; fileRef = CEE4F8BE1CB503960074C539 /* SKMaps.bundle */; };
		CEE4F8C31CB503FF0074C539 /* SKMaps.framework in Frameworks */ = {isa = PBXBuildFile; fileRef = CEE4F8C21CB503FF0074C539 /* SKMaps.framework */; };
		CEE4F8C61CB50B1A0074C539 /* CarIncidentDetailViewController.m in Sources */ = {isa = PBXBuildFile; fileRef = CEE4F8C51CB50B1A0074C539 /* CarIncidentDetailViewController.m */; };
		CEE4F8C91CB54C150074C539 /* CustomAnnotation.m in Sources */ = {isa = PBXBuildFile; fileRef = CEE4F8C81CB54C150074C539 /* CustomAnnotation.m */; };
		D0994ECD1C947AA9009A46AE /* main.m in Sources */ = {isa = PBXBuildFile; fileRef = D0994ECC1C947AA9009A46AE /* main.m */; };
		D0994ED01C947AA9009A46AE /* AppDelegate.m in Sources */ = {isa = PBXBuildFile; fileRef = D0994ECF1C947AA9009A46AE /* AppDelegate.m */; };
		D0994ED61C947AA9009A46AE /* Main.storyboard in Resources */ = {isa = PBXBuildFile; fileRef = D0994ED41C947AA9009A46AE /* Main.storyboard */; };
		D0994ED91C947AA9009A46AE /* AutoFinder.xcdatamodeld in Sources */ = {isa = PBXBuildFile; fileRef = D0994ED71C947AA9009A46AE /* AutoFinder.xcdatamodeld */; };
		D0994EDE1C947AA9009A46AE /* LaunchScreen.storyboard in Resources */ = {isa = PBXBuildFile; fileRef = D0994EDC1C947AA9009A46AE /* LaunchScreen.storyboard */; };
/* End PBXBuildFile section */

/* Begin PBXFileReference section */
		58236EED1CAE8BAE0037AE82 /* MapKit.framework */ = {isa = PBXFileReference; lastKnownFileType = wrapper.framework; name = MapKit.framework; path = System/Library/Frameworks/MapKit.framework; sourceTree = SDKROOT; };
		58236EF71CAE9EF60037AE82 /* User.m */ = {isa = PBXFileReference; fileEncoding = 4; lastKnownFileType = sourcecode.c.objc; path = User.m; sourceTree = "<group>"; };
		58236F011CAEA1FA0037AE82 /* UIKit.framework */ = {isa = PBXFileReference; lastKnownFileType = wrapper.framework; name = UIKit.framework; path = System/Library/Frameworks/UIKit.framework; sourceTree = SDKROOT; };
		58236F031CAEA2020037AE82 /* CoreLocation.framework */ = {isa = PBXFileReference; lastKnownFileType = wrapper.framework; name = CoreLocation.framework; path = System/Library/Frameworks/CoreLocation.framework; sourceTree = SDKROOT; };
		58236F051CAEA2090037AE82 /* Foundation.framework */ = {isa = PBXFileReference; lastKnownFileType = wrapper.framework; name = Foundation.framework; path = System/Library/Frameworks/Foundation.framework; sourceTree = SDKROOT; };
		58236F071CAEA2140037AE82 /* OpenGLES.framework */ = {isa = PBXFileReference; lastKnownFileType = wrapper.framework; name = OpenGLES.framework; path = System/Library/Frameworks/OpenGLES.framework; sourceTree = SDKROOT; };
		58236F091CAEA21B0037AE82 /* QuartzCore.framework */ = {isa = PBXFileReference; lastKnownFileType = wrapper.framework; name = QuartzCore.framework; path = System/Library/Frameworks/QuartzCore.framework; sourceTree = SDKROOT; };
		58236F0B1CAEA2260037AE82 /* CoreGraphics.framework */ = {isa = PBXFileReference; lastKnownFileType = wrapper.framework; name = CoreGraphics.framework; path = System/Library/Frameworks/CoreGraphics.framework; sourceTree = SDKROOT; };
		58236F0D1CAEA22D0037AE82 /* CoreMotion.framework */ = {isa = PBXFileReference; lastKnownFileType = wrapper.framework; name = CoreMotion.framework; path = System/Library/Frameworks/CoreMotion.framework; sourceTree = SDKROOT; };
		58236F0F1CAEA2460037AE82 /* libz.tbd */ = {isa = PBXFileReference; lastKnownFileType = "sourcecode.text-based-dylib-definition"; name = libz.tbd; path = usr/lib/libz.tbd; sourceTree = SDKROOT; };
		58236F111CAEA24E0037AE82 /* libc++.tbd */ = {isa = PBXFileReference; lastKnownFileType = "sourcecode.text-based-dylib-definition"; name = "libc++.tbd"; path = "usr/lib/libc++.tbd"; sourceTree = SDKROOT; };
		58236F131CAEA5F70037AE82 /* AVFoundation.framework */ = {isa = PBXFileReference; lastKnownFileType = wrapper.framework; name = AVFoundation.framework; path = System/Library/Frameworks/AVFoundation.framework; sourceTree = SDKROOT; };
		584AEE651CA2979B00F6D8E4 /* FindDriverViewController.h */ = {isa = PBXFileReference; fileEncoding = 4; lastKnownFileType = sourcecode.c.h; path = FindDriverViewController.h; sourceTree = "<group>"; };
		584AEE661CA2979B00F6D8E4 /* FindDriverViewController.m */ = {isa = PBXFileReference; fileEncoding = 4; lastKnownFileType = sourcecode.c.objc; path = FindDriverViewController.m; sourceTree = "<group>"; };
		584AEE681CA29B1900F6D8E4 /* TakePhotoViewController.h */ = {isa = PBXFileReference; fileEncoding = 4; lastKnownFileType = sourcecode.c.h; path = TakePhotoViewController.h; sourceTree = "<group>"; };
		584AEE691CA29B1900F6D8E4 /* TakePhotoViewController.m */ = {isa = PBXFileReference; fileEncoding = 4; lastKnownFileType = sourcecode.c.objc; path = TakePhotoViewController.m; sourceTree = "<group>"; };
		584AEE6B1CA41B0400F6D8E4 /* CreateAccountViewController.h */ = {isa = PBXFileReference; fileEncoding = 4; lastKnownFileType = sourcecode.c.h; path = CreateAccountViewController.h; sourceTree = "<group>"; };
		584AEE6C1CA41B0400F6D8E4 /* CreateAccountViewController.m */ = {isa = PBXFileReference; fileEncoding = 4; lastKnownFileType = sourcecode.c.objc; path = CreateAccountViewController.m; sourceTree = "<group>"; };
		584AEE6D1CA41B0400F6D8E4 /* HomeViewController.h */ = {isa = PBXFileReference; fileEncoding = 4; lastKnownFileType = sourcecode.c.h; path = HomeViewController.h; sourceTree = "<group>"; };
		584AEE6E1CA41B0400F6D8E4 /* HomeViewController.m */ = {isa = PBXFileReference; fileEncoding = 4; lastKnownFileType = sourcecode.c.objc; path = HomeViewController.m; sourceTree = "<group>"; };
		584AEE6F1CA41B0400F6D8E4 /* LoginViewController.h */ = {isa = PBXFileReference; fileEncoding = 4; lastKnownFileType = sourcecode.c.h; path = LoginViewController.h; sourceTree = "<group>"; };
		584AEE701CA41B0400F6D8E4 /* LoginViewController.m */ = {isa = PBXFileReference; fileEncoding = 4; lastKnownFileType = sourcecode.c.objc; path = LoginViewController.m; sourceTree = "<group>"; };
		584AEE861CA56B7800F6D8E4 /* User.h */ = {isa = PBXFileReference; fileEncoding = 4; lastKnownFileType = sourcecode.c.h; path = User.h; sourceTree = "<group>"; };
		584AEE891CA57AF200F6D8E4 /* AccountViewController.h */ = {isa = PBXFileReference; fileEncoding = 4; lastKnownFileType = sourcecode.c.h; path = AccountViewController.h; sourceTree = "<group>"; };
		584AEE8A1CA57AF200F6D8E4 /* AccountViewController.m */ = {isa = PBXFileReference; fileEncoding = 4; lastKnownFileType = sourcecode.c.objc; path = AccountViewController.m; sourceTree = "<group>"; };
		588006871CA93C6700662C50 /* LogoutViewController.h */ = {isa = PBXFileReference; fileEncoding = 4; lastKnownFileType = sourcecode.c.h; path = LogoutViewController.h; sourceTree = "<group>"; };
		588006881CA93C6700662C50 /* LogoutViewController.m */ = {isa = PBXFileReference; fileEncoding = 4; lastKnownFileType = sourcecode.c.objc; path = LogoutViewController.m; sourceTree = "<group>"; };
		58AF211F1CB7CA3F0078975B /* Assets.xcassets */ = {isa = PBXFileReference; lastKnownFileType = folder.assetcatalog; path = Assets.xcassets; sourceTree = "<group>"; };
		58AF21211CB7CF860078975B /* CustomTabBarViewController.h */ = {isa = PBXFileReference; fileEncoding = 4; lastKnownFileType = sourcecode.c.h; path = CustomTabBarViewController.h; sourceTree = "<group>"; };
		58AF21221CB7CF860078975B /* CustomTabBarViewController.m */ = {isa = PBXFileReference; fileEncoding = 4; lastKnownFileType = sourcecode.c.objc; path = CustomTabBarViewController.m; sourceTree = "<group>"; };
		58C9AFA61CB3BA7E00A72E96 /* CarIncidentsViewController.h */ = {isa = PBXFileReference; fileEncoding = 4; lastKnownFileType = sourcecode.c.h; path = CarIncidentsViewController.h; sourceTree = "<group>"; };
		58C9AFA71CB3BA7E00A72E96 /* CarIncidentsViewController.m */ = {isa = PBXFileReference; fileEncoding = 4; lastKnownFileType = sourcecode.c.objc; path = CarIncidentsViewController.m; sourceTree = "<group>"; };
		58C9AFA91CB3E44B00A72E96 /* Photo.h */ = {isa = PBXFileReference; fileEncoding = 4; lastKnownFileType = sourcecode.c.h; path = Photo.h; sourceTree = "<group>"; };
		58C9AFAA1CB3E44B00A72E96 /* Photo.m */ = {isa = PBXFileReference; fileEncoding = 4; lastKnownFileType = sourcecode.c.objc; path = Photo.m; sourceTree = "<group>"; };
		CEE4F8BE1CB503960074C539 /* SKMaps.bundle */ = {isa = PBXFileReference; lastKnownFileType = "wrapper.plug-in"; path = SKMaps.bundle; sourceTree = "<group>"; };
		CEE4F8C21CB503FF0074C539 /* SKMaps.framework */ = {isa = PBXFileReference; lastKnownFileType = wrapper.framework; path = SKMaps.framework; sourceTree = "<group>"; };
		CEE4F8C41CB50B1A0074C539 /* CarIncidentDetailViewController.h */ = {isa = PBXFileReference; fileEncoding = 4; lastKnownFileType = sourcecode.c.h; path = CarIncidentDetailViewController.h; sourceTree = "<group>"; };
		CEE4F8C51CB50B1A0074C539 /* CarIncidentDetailViewController.m */ = {isa = PBXFileReference; fileEncoding = 4; lastKnownFileType = sourcecode.c.objc; path = CarIncidentDetailViewController.m; sourceTree = "<group>"; };
		CEE4F8C71CB54C150074C539 /* CustomAnnotation.h */ = {isa = PBXFileReference; fileEncoding = 4; lastKnownFileType = sourcecode.c.h; path = CustomAnnotation.h; sourceTree = "<group>"; };
		CEE4F8C81CB54C150074C539 /* CustomAnnotation.m */ = {isa = PBXFileReference; fileEncoding = 4; lastKnownFileType = sourcecode.c.objc; path = CustomAnnotation.m; sourceTree = "<group>"; };
		D0994EC81C947AA9009A46AE /* AutoFinder.app */ = {isa = PBXFileReference; explicitFileType = wrapper.application; includeInIndex = 0; path = AutoFinder.app; sourceTree = BUILT_PRODUCTS_DIR; };
		D0994ECC1C947AA9009A46AE /* main.m */ = {isa = PBXFileReference; lastKnownFileType = sourcecode.c.objc; path = main.m; sourceTree = "<group>"; };
		D0994ECE1C947AA9009A46AE /* AppDelegate.h */ = {isa = PBXFileReference; lastKnownFileType = sourcecode.c.h; path = AppDelegate.h; sourceTree = "<group>"; };
		D0994ECF1C947AA9009A46AE /* AppDelegate.m */ = {isa = PBXFileReference; lastKnownFileType = sourcecode.c.objc; path = AppDelegate.m; sourceTree = "<group>"; };
		D0994ED51C947AA9009A46AE /* Base */ = {isa = PBXFileReference; lastKnownFileType = file.storyboard; name = Base; path = Base.lproj/Main.storyboard; sourceTree = "<group>"; };
		D0994ED81C947AA9009A46AE /* AutoFinder.xcdatamodel */ = {isa = PBXFileReference; lastKnownFileType = wrapper.xcdatamodel; path = AutoFinder.xcdatamodel; sourceTree = "<group>"; };
		D0994EDD1C947AA9009A46AE /* Base */ = {isa = PBXFileReference; lastKnownFileType = file.storyboard; name = Base; path = Base.lproj/LaunchScreen.storyboard; sourceTree = "<group>"; };
		D0994EDF1C947AA9009A46AE /* Info.plist */ = {isa = PBXFileReference; lastKnownFileType = text.plist.xml; path = Info.plist; sourceTree = "<group>"; };
/* End PBXFileReference section */

/* Begin PBXFrameworksBuildPhase section */
		D0994EC51C947AA9009A46AE /* Frameworks */ = {
			isa = PBXFrameworksBuildPhase;
			buildActionMask = 2147483647;
			files = (
				58236F141CAEA5F70037AE82 /* AVFoundation.framework in Frameworks */,
				58236F121CAEA24F0037AE82 /* libc++.tbd in Frameworks */,
				58236F101CAEA2470037AE82 /* libz.tbd in Frameworks */,
				58236F0E1CAEA22D0037AE82 /* CoreMotion.framework in Frameworks */,
				58236F0C1CAEA2260037AE82 /* CoreGraphics.framework in Frameworks */,
				58236F0A1CAEA21B0037AE82 /* QuartzCore.framework in Frameworks */,
				58236F081CAEA2140037AE82 /* OpenGLES.framework in Frameworks */,
				58236F061CAEA2090037AE82 /* Foundation.framework in Frameworks */,
				58236F041CAEA2020037AE82 /* CoreLocation.framework in Frameworks */,
				58236F021CAEA1FB0037AE82 /* UIKit.framework in Frameworks */,
				58236EEE1CAE8BAE0037AE82 /* MapKit.framework in Frameworks */,
				CEE4F8C31CB503FF0074C539 /* SKMaps.framework in Frameworks */,
			);
			runOnlyForDeploymentPostprocessing = 0;
		};
/* End PBXFrameworksBuildPhase section */

/* Begin PBXGroup section */
		D0994EBF1C947AA8009A46AE = {
			isa = PBXGroup;
			children = (
				58236F131CAEA5F70037AE82 /* AVFoundation.framework */,
				58236F111CAEA24E0037AE82 /* libc++.tbd */,
				58236F0F1CAEA2460037AE82 /* libz.tbd */,
				58236F0D1CAEA22D0037AE82 /* CoreMotion.framework */,
				58236F0B1CAEA2260037AE82 /* CoreGraphics.framework */,
				58236F091CAEA21B0037AE82 /* QuartzCore.framework */,
				58236F071CAEA2140037AE82 /* OpenGLES.framework */,
				58236F051CAEA2090037AE82 /* Foundation.framework */,
				58236F031CAEA2020037AE82 /* CoreLocation.framework */,
				58236F011CAEA1FA0037AE82 /* UIKit.framework */,
				CEE4F8BE1CB503960074C539 /* SKMaps.bundle */,
				CEE4F8C21CB503FF0074C539 /* SKMaps.framework */,
				58236EED1CAE8BAE0037AE82 /* MapKit.framework */,
				D0994ECA1C947AA9009A46AE /* AutoFinder */,
				D0994EC91C947AA9009A46AE /* Products */,
			);
			sourceTree = "<group>";
		};
		D0994EC91C947AA9009A46AE /* Products */ = {
			isa = PBXGroup;
			children = (
				D0994EC81C947AA9009A46AE /* AutoFinder.app */,
			);
			name = Products;
			sourceTree = "<group>";
		};
		D0994ECA1C947AA9009A46AE /* AutoFinder */ = {
			isa = PBXGroup;
			children = (
				58236EF71CAE9EF60037AE82 /* User.m */,
				584AEE861CA56B7800F6D8E4 /* User.h */,
				58C9AFA91CB3E44B00A72E96 /* Photo.h */,
				58C9AFAA1CB3E44B00A72E96 /* Photo.m */,
				584AEE6B1CA41B0400F6D8E4 /* CreateAccountViewController.h */,
				584AEE6C1CA41B0400F6D8E4 /* CreateAccountViewController.m */,
				584AEE6D1CA41B0400F6D8E4 /* HomeViewController.h */,
				584AEE6E1CA41B0400F6D8E4 /* HomeViewController.m */,
				584AEE6F1CA41B0400F6D8E4 /* LoginViewController.h */,
				584AEE701CA41B0400F6D8E4 /* LoginViewController.m */,
				D0994ECE1C947AA9009A46AE /* AppDelegate.h */,
				D0994ECF1C947AA9009A46AE /* AppDelegate.m */,
				58AF211F1CB7CA3F0078975B /* Assets.xcassets */,
				D0994ED41C947AA9009A46AE /* Main.storyboard */,
				D0994EDC1C947AA9009A46AE /* LaunchScreen.storyboard */,
				D0994EDF1C947AA9009A46AE /* Info.plist */,
				D0994ED71C947AA9009A46AE /* AutoFinder.xcdatamodeld */,
				D0994ECB1C947AA9009A46AE /* Supporting Files */,
				584AEE651CA2979B00F6D8E4 /* FindDriverViewController.h */,
				584AEE661CA2979B00F6D8E4 /* FindDriverViewController.m */,
				584AEE681CA29B1900F6D8E4 /* TakePhotoViewController.h */,
				584AEE691CA29B1900F6D8E4 /* TakePhotoViewController.m */,
				584AEE891CA57AF200F6D8E4 /* AccountViewController.h */,
				584AEE8A1CA57AF200F6D8E4 /* AccountViewController.m */,
				588006871CA93C6700662C50 /* LogoutViewController.h */,
				588006881CA93C6700662C50 /* LogoutViewController.m */,
				58C9AFA61CB3BA7E00A72E96 /* CarIncidentsViewController.h */,
				58C9AFA71CB3BA7E00A72E96 /* CarIncidentsViewController.m */,
				CEE4F8C41CB50B1A0074C539 /* CarIncidentDetailViewController.h */,
				CEE4F8C51CB50B1A0074C539 /* CarIncidentDetailViewController.m */,
				CEE4F8C71CB54C150074C539 /* CustomAnnotation.h */,
				CEE4F8C81CB54C150074C539 /* CustomAnnotation.m */,
				58AF21211CB7CF860078975B /* CustomTabBarViewController.h */,
				58AF21221CB7CF860078975B /* CustomTabBarViewController.m */,
			);
			path = AutoFinder;
			sourceTree = "<group>";
		};
		D0994ECB1C947AA9009A46AE /* Supporting Files */ = {
			isa = PBXGroup;
			children = (
				D0994ECC1C947AA9009A46AE /* main.m */,
			);
			name = "Supporting Files";
			sourceTree = "<group>";
		};
/* End PBXGroup section */

/* Begin PBXNativeTarget section */
		D0994EC71C947AA9009A46AE /* AutoFinder */ = {
			isa = PBXNativeTarget;
			buildConfigurationList = D0994EE21C947AA9009A46AE /* Build configuration list for PBXNativeTarget "AutoFinder" */;
			buildPhases = (
				D0994EC41C947AA9009A46AE /* Sources */,
				D0994EC51C947AA9009A46AE /* Frameworks */,
				D0994EC61C947AA9009A46AE /* Resources */,
			);
			buildRules = (
			);
			dependencies = (
			);
			name = AutoFinder;
			productName = AutoFinder;
			productReference = D0994EC81C947AA9009A46AE /* AutoFinder.app */;
			productType = "com.apple.product-type.application";
		};
/* End PBXNativeTarget section */

/* Begin PBXProject section */
		D0994EC01C947AA8009A46AE /* Project object */ = {
			isa = PBXProject;
			attributes = {
				KnownAssetTags = (
					New,
					"New-1",
				);
				LastUpgradeCheck = 0720;
				ORGANIZATIONNAME = Basic;
				TargetAttributes = {
					D0994EC71C947AA9009A46AE = {
						CreatedOnToolsVersion = 7.2;
						DevelopmentTeam = U88JX9832V;
						SystemCapabilities = {
							com.apple.Maps.iOS = {
								enabled = 1;
							};
						};
					};
				};
			};
			buildConfigurationList = D0994EC31C947AA9009A46AE /* Build configuration list for PBXProject "AutoFinder" */;
			compatibilityVersion = "Xcode 3.2";
			developmentRegion = English;
			hasScannedForEncodings = 0;
			knownRegions = (
				en,
				Base,
			);
			mainGroup = D0994EBF1C947AA8009A46AE;
			productRefGroup = D0994EC91C947AA9009A46AE /* Products */;
			projectDirPath = "";
			projectRoot = "";
			targets = (
				D0994EC71C947AA9009A46AE /* AutoFinder */,
			);
		};
/* End PBXProject section */

/* Begin PBXResourcesBuildPhase section */
		D0994EC61C947AA9009A46AE /* Resources */ = {
			isa = PBXResourcesBuildPhase;
			buildActionMask = 2147483647;
			files = (
				CEE4F8BF1CB503960074C539 /* SKMaps.bundle in Resources */,
				D0994EDE1C947AA9009A46AE /* LaunchScreen.storyboard in Resources */,
				58AF21201CB7CA3F0078975B /* Assets.xcassets in Resources */,
				D0994ED61C947AA9009A46AE /* Main.storyboard in Resources */,
			);
			runOnlyForDeploymentPostprocessing = 0;
		};
/* End PBXResourcesBuildPhase section */

/* Begin PBXSourcesBuildPhase section */
		D0994EC41C947AA9009A46AE /* Sources */ = {
			isa = PBXSourcesBuildPhase;
			buildActionMask = 2147483647;
			files = (
				58C9AFAB1CB3E44B00A72E96 /* Photo.m in Sources */,
				58236EF81CAE9EF60037AE82 /* User.m in Sources */,
				58AF21231CB7CF860078975B /* CustomTabBarViewController.m in Sources */,
				D0994ED91C947AA9009A46AE /* AutoFinder.xcdatamodeld in Sources */,
				CEE4F8C91CB54C150074C539 /* CustomAnnotation.m in Sources */,
				584AEE731CA41B0400F6D8E4 /* CreateAccountViewController.m in Sources */,
				584AEE671CA2979B00F6D8E4 /* FindDriverViewController.m in Sources */,
				D0994ED01C947AA9009A46AE /* AppDelegate.m in Sources */,
				584AEE8B1CA57AF200F6D8E4 /* AccountViewController.m in Sources */,
				58C9AFA81CB3BA7E00A72E96 /* CarIncidentsViewController.m in Sources */,
				584AEE751CA41B0400F6D8E4 /* LoginViewController.m in Sources */,
				584AEE6A1CA29B1900F6D8E4 /* TakePhotoViewController.m in Sources */,
				D0994ECD1C947AA9009A46AE /* main.m in Sources */,
				588006891CA93C6700662C50 /* LogoutViewController.m in Sources */,
				584AEE741CA41B0400F6D8E4 /* HomeViewController.m in Sources */,
				CEE4F8C61CB50B1A0074C539 /* CarIncidentDetailViewController.m in Sources */,
			);
			runOnlyForDeploymentPostprocessing = 0;
		};
/* End PBXSourcesBuildPhase section */

/* Begin PBXVariantGroup section */
		D0994ED41C947AA9009A46AE /* Main.storyboard */ = {
			isa = PBXVariantGroup;
			children = (
				D0994ED51C947AA9009A46AE /* Base */,
			);
			name = Main.storyboard;
			sourceTree = "<group>";
		};
		D0994EDC1C947AA9009A46AE /* LaunchScreen.storyboard */ = {
			isa = PBXVariantGroup;
			children = (
				D0994EDD1C947AA9009A46AE /* Base */,
			);
			name = LaunchScreen.storyboard;
			sourceTree = "<group>";
		};
/* End PBXVariantGroup section */

/* Begin XCBuildConfiguration section */
		D0994EE01C947AA9009A46AE /* Debug */ = {
			isa = XCBuildConfiguration;
			buildSettings = {
				ALWAYS_SEARCH_USER_PATHS = NO;
				CLANG_CXX_LANGUAGE_STANDARD = "gnu++0x";
				CLANG_CXX_LIBRARY = "libc++";
				CLANG_ENABLE_MODULES = YES;
				CLANG_ENABLE_OBJC_ARC = YES;
				CLANG_WARN_BOOL_CONVERSION = YES;
				CLANG_WARN_CONSTANT_CONVERSION = YES;
				CLANG_WARN_DIRECT_OBJC_ISA_USAGE = YES_ERROR;
				CLANG_WARN_EMPTY_BODY = YES;
				CLANG_WARN_ENUM_CONVERSION = YES;
				CLANG_WARN_INT_CONVERSION = YES;
				CLANG_WARN_OBJC_ROOT_CLASS = YES_ERROR;
				CLANG_WARN_UNREACHABLE_CODE = YES;
				CLANG_WARN__DUPLICATE_METHOD_MATCH = YES;
				"CODE_SIGN_IDENTITY[sdk=iphoneos*]" = "iPhone Developer";
				COPY_PHASE_STRIP = NO;
				DEBUG_INFORMATION_FORMAT = dwarf;
				ENABLE_STRICT_OBJC_MSGSEND = YES;
				ENABLE_TESTABILITY = YES;
				GCC_C_LANGUAGE_STANDARD = gnu99;
				GCC_DYNAMIC_NO_PIC = NO;
				GCC_NO_COMMON_BLOCKS = YES;
				GCC_OPTIMIZATION_LEVEL = 0;
				GCC_PREPROCESSOR_DEFINITIONS = (
					"DEBUG=1",
					"$(inherited)",
				);
				GCC_WARN_64_TO_32_BIT_CONVERSION = YES;
				GCC_WARN_ABOUT_RETURN_TYPE = YES_ERROR;
				GCC_WARN_UNDECLARED_SELECTOR = YES;
				GCC_WARN_UNINITIALIZED_AUTOS = YES_AGGRESSIVE;
				GCC_WARN_UNUSED_FUNCTION = YES;
				GCC_WARN_UNUSED_VARIABLE = YES;
				IPHONEOS_DEPLOYMENT_TARGET = 9.2;
				MTL_ENABLE_DEBUG_INFO = YES;
				ONLY_ACTIVE_ARCH = YES;
				SDKROOT = iphoneos;
			};
			name = Debug;
		};
		D0994EE11C947AA9009A46AE /* Release */ = {
			isa = XCBuildConfiguration;
			buildSettings = {
				ALWAYS_SEARCH_USER_PATHS = NO;
				CLANG_CXX_LANGUAGE_STANDARD = "gnu++0x";
				CLANG_CXX_LIBRARY = "libc++";
				CLANG_ENABLE_MODULES = YES;
				CLANG_ENABLE_OBJC_ARC = YES;
				CLANG_WARN_BOOL_CONVERSION = YES;
				CLANG_WARN_CONSTANT_CONVERSION = YES;
				CLANG_WARN_DIRECT_OBJC_ISA_USAGE = YES_ERROR;
				CLANG_WARN_EMPTY_BODY = YES;
				CLANG_WARN_ENUM_CONVERSION = YES;
				CLANG_WARN_INT_CONVERSION = YES;
				CLANG_WARN_OBJC_ROOT_CLASS = YES_ERROR;
				CLANG_WARN_UNREACHABLE_CODE = YES;
				CLANG_WARN__DUPLICATE_METHOD_MATCH = YES;
				"CODE_SIGN_IDENTITY[sdk=iphoneos*]" = "iPhone Developer";
				COPY_PHASE_STRIP = NO;
				DEBUG_INFORMATION_FORMAT = "dwarf-with-dsym";
				ENABLE_NS_ASSERTIONS = NO;
				ENABLE_STRICT_OBJC_MSGSEND = YES;
				GCC_C_LANGUAGE_STANDARD = gnu99;
				GCC_NO_COMMON_BLOCKS = YES;
				GCC_WARN_64_TO_32_BIT_CONVERSION = YES;
				GCC_WARN_ABOUT_RETURN_TYPE = YES_ERROR;
				GCC_WARN_UNDECLARED_SELECTOR = YES;
				GCC_WARN_UNINITIALIZED_AUTOS = YES_AGGRESSIVE;
				GCC_WARN_UNUSED_FUNCTION = YES;
				GCC_WARN_UNUSED_VARIABLE = YES;
				IPHONEOS_DEPLOYMENT_TARGET = 9.2;
				MTL_ENABLE_DEBUG_INFO = NO;
				SDKROOT = iphoneos;
				VALIDATE_PRODUCT = YES;
			};
			name = Release;
		};
		D0994EE31C947AA9009A46AE /* Debug */ = {
			isa = XCBuildConfiguration;
			buildSettings = {
				ASSETCATALOG_COMPILER_APPICON_NAME = AppIcon;
				CODE_SIGN_IDENTITY = "iPhone Developer";
				"CODE_SIGN_IDENTITY[sdk=iphoneos*]" = "iPhone Developer";
				ENABLE_BITCODE = NO;
				FRAMEWORK_SEARCH_PATHS = (
					"$(inherited)",
					"$(PROJECT_DIR)/AutoFinder",
					"$(PROJECT_DIR)",
				);
				INFOPLIST_FILE = AutoFinder/Info.plist;
				IPHONEOS_DEPLOYMENT_TARGET = 8.0;
				LD_RUNPATH_SEARCH_PATHS = "$(inherited) @executable_path/Frameworks";
				OTHER_LDFLAGS = "-ObjC";
				PRODUCT_BUNDLE_IDENTIFIER = com.autofinder.Test;
				PRODUCT_NAME = "$(TARGET_NAME)";
				PROVISIONING_PROFILE = "";
			};
			name = Debug;
		};
		D0994EE41C947AA9009A46AE /* Release */ = {
			isa = XCBuildConfiguration;
			buildSettings = {
				ASSETCATALOG_COMPILER_APPICON_NAME = AppIcon;
				CODE_SIGN_IDENTITY = "iPhone Developer";
				"CODE_SIGN_IDENTITY[sdk=iphoneos*]" = "iPhone Developer";
				ENABLE_BITCODE = NO;
				FRAMEWORK_SEARCH_PATHS = (
					"$(inherited)",
					"$(PROJECT_DIR)/AutoFinder",
					"$(PROJECT_DIR)",
				);
				INFOPLIST_FILE = AutoFinder/Info.plist;
				IPHONEOS_DEPLOYMENT_TARGET = 8.0;
				LD_RUNPATH_SEARCH_PATHS = "$(inherited) @executable_path/Frameworks";
				OTHER_LDFLAGS = "-ObjC";
				PRODUCT_BUNDLE_IDENTIFIER = com.autofinder.Test;
				PRODUCT_NAME = "$(TARGET_NAME)";
				PROVISIONING_PROFILE = "";
			};
			name = Release;
		};
/* End XCBuildConfiguration section */

/* Begin XCConfigurationList section */
		D0994EC31C947AA9009A46AE /* Build configuration list for PBXProject "AutoFinder" */ = {
			isa = XCConfigurationList;
			buildConfigurations = (
				D0994EE01C947AA9009A46AE /* Debug */,
				D0994EE11C947AA9009A46AE /* Release */,
			);
			defaultConfigurationIsVisible = 0;
			defaultConfigurationName = Release;
		};
		D0994EE21C947AA9009A46AE /* Build configuration list for PBXNativeTarget "AutoFinder" */ = {
			isa = XCConfigurationList;
			buildConfigurations = (
				D0994EE31C947AA9009A46AE /* Debug */,
				D0994EE41C947AA9009A46AE /* Release */,
			);
			defaultConfigurationIsVisible = 0;
			defaultConfigurationName = Release;
		};
/* End XCConfigurationList section */

/* Begin XCVersionGroup section */
		D0994ED71C947AA9009A46AE /* AutoFinder.xcdatamodeld */ = {
			isa = XCVersionGroup;
			children = (
				D0994ED81C947AA9009A46AE /* AutoFinder.xcdatamodel */,
			);
			currentVersion = D0994ED81C947AA9009A46AE /* AutoFinder.xcdatamodel */;
			path = AutoFinder.xcdatamodeld;
			sourceTree = "<group>";
			versionGroupType = wrapper.xcdatamodel;
		};
/* End XCVersionGroup section */
	};
	rootObject = D0994EC01C947AA8009A46AE /* Project object */;
}
